
Microsoft Visual Studio Solution File, Format Version 12.00
# Visual Studio Version 17
VisualStudioVersion = 17.7.34221.43
MinimumVisualStudioVersion = 10.0.40219.1
Project("{FAE04EC0-301F-11D3-BF4B-00C04F79EFBC}") = "TheConsole", "Write&WriteLine\TheConsole.csproj", "{849B7591-6D2D-450C-9788-2DFD31A6465E}"
EndProject
Global
	GlobalSection(SolutionConfigurationPlatforms) = preSolution
		Debug|Any CPU = Debug|Any CPU
		Release|Any CPU = Release|Any CPU
	EndGlobalSection
	GlobalSection(ProjectConfigurationPlatforms) = postSolution
		{849B7591-6D2D-450C-9788-2DFD31A6465E}.Debug|Any CPU.ActiveCfg = Debug|Any CPU
		{849B7591-6D2D-450C-9788-2DFD31A6465E}.Debug|Any CPU.Build.0 = Debug|Any CPU
		{849B7591-6D2D-450C-9788-2DFD31A6465E}.Release|Any CPU.ActiveCfg = Release|Any CPU
		{849B7591-6D2D-450C-9788-2DFD31A6465E}.Release|Any CPU.Build.0 = Release|Any CPU
	EndGlobalSection
	GlobalSection(SolutionProperties) = preSolution
		HideSolutionNode = FALSE
	EndGlobalSection
	GlobalSection(ExtensibilityGlobals) = postSolution
		SolutionGuid = {FF2D8A06-4984-461F-8BE7-9D232B7C871F}
	EndGlobalSection
EndGlobal
