
Microsoft Visual Studio Solution File, Format Version 12.00
# Visual Studio Version 17
VisualStudioVersion = 17.7.34221.43
MinimumVisualStudioVersion = 10.0.40219.1
Project("{FAE04EC0-301F-11D3-BF4B-00C04F79EFBC}") = "Project_Udemy_Hello_World", "Project_Udemy_Hello_World\Project_Udemy_Hello_World.csproj", "{381D21E2-3D2A-443E-A5FC-19BBA16F7160}"
EndProject
Global
	GlobalSection(SolutionConfigurationPlatforms) = preSolution
		Debug|Any CPU = Debug|Any CPU
		Release|Any CPU = Release|Any CPU
	EndGlobalSection
	GlobalSection(ProjectConfigurationPlatforms) = postSolution
		{381D21E2-3D2A-443E-A5FC-19BBA16F7160}.Debug|Any CPU.ActiveCfg = Debug|Any CPU
		{381D21E2-3D2A-443E-A5FC-19BBA16F7160}.Debug|Any CPU.Build.0 = Debug|Any CPU
		{381D21E2-3D2A-443E-A5FC-19BBA16F7160}.Release|Any CPU.ActiveCfg = Release|Any CPU
		{381D21E2-3D2A-443E-A5FC-19BBA16F7160}.Release|Any CPU.Build.0 = Release|Any CPU
	EndGlobalSection
	GlobalSection(SolutionProperties) = preSolution
		HideSolutionNode = FALSE
	EndGlobalSection
	GlobalSection(ExtensibilityGlobals) = postSolution
		SolutionGuid = {AC8968F9-C587-4440-A5BB-37E56F41B2CF}
	EndGlobalSection
EndGlobal
