
Microsoft Visual Studio Solution File, Format Version 12.00
# Visual Studio Version 17
VisualStudioVersion = 17.7.34221.43
MinimumVisualStudioVersion = 10.0.40219.1
Project("{FAE04EC0-301F-11D3-BF4B-00C04F79EFBC}") = "ConditionalStatements", "ConditionalStatements\ConditionalStatements.csproj", "{BCB81AA1-E5A3-4098-A9F1-D2309D602032}"
EndProject
Global
	GlobalSection(SolutionConfigurationPlatforms) = preSolution
		Debug|Any CPU = Debug|Any CPU
		Release|Any CPU = Release|Any CPU
	EndGlobalSection
	GlobalSection(ProjectConfigurationPlatforms) = postSolution
		{BCB81AA1-E5A3-4098-A9F1-D2309D602032}.Debug|Any CPU.ActiveCfg = Debug|Any CPU
		{BCB81AA1-E5A3-4098-A9F1-D2309D602032}.Debug|Any CPU.Build.0 = Debug|Any CPU
		{BCB81AA1-E5A3-4098-A9F1-D2309D602032}.Release|Any CPU.ActiveCfg = Release|Any CPU
		{BCB81AA1-E5A3-4098-A9F1-D2309D602032}.Release|Any CPU.Build.0 = Release|Any CPU
	EndGlobalSection
	GlobalSection(SolutionProperties) = preSolution
		HideSolutionNode = FALSE
	EndGlobalSection
	GlobalSection(ExtensibilityGlobals) = postSolution
		SolutionGuid = {937C6796-18AA-4635-90E2-5047BA1836F2}
	EndGlobalSection
EndGlobal
